{
  "name": "grulilang",
  "version": "1.0.0",
  "lockfileVersion": 1,
  "requires": true,
  "dependencies": {
    "assertion-error": {
      "version": "1.1.0",
      "resolved": "http://bdxsvn001:8082/npm/AT_NPM/assertion-error/-/assertion-error-1.1.0.tgz",
      "integrity": "sha1-5gtrDo8wG9l+U3UhW9pAbIURjAs=",
      "dev": true
    },
    "axios": {
      "version": "0.21.1",
      "resolved": "http://bdxsvn001:8082/npm/AT_NPM/axios/-/axios-0.21.1.tgz",
      "integrity": "sha1-IlY0gZYvTWvemnbVFu8OXTwJsrg=",
      "requires": {
        "follow-redirects": "^1.10.0"
      }
    },
    "chai": {
      "version": "4.3.0",
      "resolved": "http://bdxsvn001:8082/npm/AT_NPM/chai/-/chai-4.3.0.tgz",
      "integrity": "sha1-VSOl+vf4GcipJIDXCozMutrPwl8=",
      "dev": true,
      "requires": {
        "assertion-error": "^1.1.0",
        "check-error": "^1.0.2",
        "deep-eql": "^3.0.1",
        "get-func-name": "^2.0.0",
        "pathval": "^1.1.0",
        "type-detect": "^4.0.5"
      }
    },
    "check-error": {
      "version": "1.0.2",
      "resolved": "http://bdxsvn001:8082/npm/AT_NPM/check-error/-/check-error-1.0.2.tgz",
      "integrity": "sha1-V00xLt2Iu13YkS6Sht1sCu1KrII=",
      "dev": true
    },
    "deep-eql": {
      "version": "3.0.1",
      "resolved": "http://bdxsvn001:8082/npm/AT_NPM/deep-eql/-/deep-eql-3.0.1.tgz",
      "integrity": "sha1-38lARACtHI/gI+faHfHBR8S0RN8=",
      "dev": true,
      "requires": {
        "type-detect": "^4.0.0"
      }
    },
    "follow-redirects": {
      "version": "1.13.2",
      "resolved": "http://bdxsvn001:8082/npm/AT_NPM/follow-redirects/-/follow-redirects-1.13.2.tgz",
      "integrity": "sha1-3XPI7/wScoulz0JZ12DqX7g+MUc="
    },
    "get-func-name": {
      "version": "2.0.0",
      "resolved": "http://bdxsvn001:8082/npm/AT_NPM/get-func-name/-/get-func-name-2.0.0.tgz",
      "integrity": "sha1-6td0q+5y4gQJQzoGY2YCPdaIekE=",
      "dev": true
    },
    "lodash": {
      "version": "4.17.20",
      "resolved": "http://bdxsvn001:8082/npm/AT_NPM/lodash/-/lodash-4.17.20.tgz",
      "integrity": "sha1-tEqbYpe8tpjxxRo1RaKzs2jVnFI="
    },
    "pathval": {
      "version": "1.1.1",
      "resolved": "http://bdxsvn001:8082/npm/AT_NPM/pathval/-/pathval-1.1.1.tgz",
      "integrity": "sha1-hTTnenfOesWiUS6iHg/bj89sPY0=",
      "dev": true
    },
    "type-detect": {
      "version": "4.0.8",
      "resolved": "http://bdxsvn001:8082/npm/AT_NPM/type-detect/-/type-detect-4.0.8.tgz",
      "integrity": "sha1-dkb7XxiHHPu3dJ5pvTmmOI63RQw=",
      "dev": true
    }
  }
}
